
Microsoft Visual Studio Solution File, Format Version 12.00
# Visual Studio Version 17
VisualStudioVersion = 17.0.32112.339
MinimumVisualStudioVersion = 10.0.40219.1
Project("{FAE04EC0-301F-11D3-BF4B-00C04F79EFBC}") = "NewProgram2", "NewProgram2\NewProgram2.csproj", "{6A33CB9D-8852-4746-B492-B2FDBE4F4A62}"
EndProject
Global
	GlobalSection(SolutionConfigurationPlatforms) = preSolution
		Debug|Any CPU = Debug|Any CPU
		Release|Any CPU = Release|Any CPU
	EndGlobalSection
	GlobalSection(ProjectConfigurationPlatforms) = postSolution
		{6A33CB9D-8852-4746-B492-B2FDBE4F4A62}.Debug|Any CPU.ActiveCfg = Debug|Any CPU
		{6A33CB9D-8852-4746-B492-B2FDBE4F4A62}.Debug|Any CPU.Build.0 = Debug|Any CPU
		{6A33CB9D-8852-4746-B492-B2FDBE4F4A62}.Release|Any CPU.ActiveCfg = Release|Any CPU
		{6A33CB9D-8852-4746-B492-B2FDBE4F4A62}.Release|Any CPU.Build.0 = Release|Any CPU
	EndGlobalSection
	GlobalSection(SolutionProperties) = preSolution
		HideSolutionNode = FALSE
	EndGlobalSection
	GlobalSection(ExtensibilityGlobals) = postSolution
		SolutionGuid = {EB7B68CE-AD59-4BB0-8665-40B1F764646D}
	EndGlobalSection
EndGlobal
