
Microsoft Visual Studio Solution File, Format Version 12.00
# Visual Studio Version 17
VisualStudioVersion = 17.0.32112.339
MinimumVisualStudioVersion = 10.0.40219.1
Project("{FAE04EC0-301F-11D3-BF4B-00C04F79EFBC}") = "ProgramThree", "ProgramThree\ProgramThree.csproj", "{89D32F94-6826-4312-8A3E-C0C6A22E2F1B}"
EndProject
Global
	GlobalSection(SolutionConfigurationPlatforms) = preSolution
		Debug|Any CPU = Debug|Any CPU
		Release|Any CPU = Release|Any CPU
	EndGlobalSection
	GlobalSection(ProjectConfigurationPlatforms) = postSolution
		{89D32F94-6826-4312-8A3E-C0C6A22E2F1B}.Debug|Any CPU.ActiveCfg = Debug|Any CPU
		{89D32F94-6826-4312-8A3E-C0C6A22E2F1B}.Debug|Any CPU.Build.0 = Debug|Any CPU
		{89D32F94-6826-4312-8A3E-C0C6A22E2F1B}.Release|Any CPU.ActiveCfg = Release|Any CPU
		{89D32F94-6826-4312-8A3E-C0C6A22E2F1B}.Release|Any CPU.Build.0 = Release|Any CPU
	EndGlobalSection
	GlobalSection(SolutionProperties) = preSolution
		HideSolutionNode = FALSE
	EndGlobalSection
	GlobalSection(ExtensibilityGlobals) = postSolution
		SolutionGuid = {BD1CC07E-4FA3-4BA3-8CB1-5AC0DF37ED73}
	EndGlobalSection
EndGlobal
