
Microsoft Visual Studio Solution File, Format Version 12.00
# Visual Studio Version 17
VisualStudioVersion = 17.0.32112.339
MinimumVisualStudioVersion = 10.0.40219.1
Project("{FAE04EC0-301F-11D3-BF4B-00C04F79EFBC}") = "Program1", "Program1\Program1.csproj", "{CC0CE983-CDA5-42E8-94FD-86DD930785B7}"
EndProject
Global
	GlobalSection(SolutionConfigurationPlatforms) = preSolution
		Debug|Any CPU = Debug|Any CPU
		Release|Any CPU = Release|Any CPU
	EndGlobalSection
	GlobalSection(ProjectConfigurationPlatforms) = postSolution
		{CC0CE983-CDA5-42E8-94FD-86DD930785B7}.Debug|Any CPU.ActiveCfg = Debug|Any CPU
		{CC0CE983-CDA5-42E8-94FD-86DD930785B7}.Debug|Any CPU.Build.0 = Debug|Any CPU
		{CC0CE983-CDA5-42E8-94FD-86DD930785B7}.Release|Any CPU.ActiveCfg = Release|Any CPU
		{CC0CE983-CDA5-42E8-94FD-86DD930785B7}.Release|Any CPU.Build.0 = Release|Any CPU
	EndGlobalSection
	GlobalSection(SolutionProperties) = preSolution
		HideSolutionNode = FALSE
	EndGlobalSection
	GlobalSection(ExtensibilityGlobals) = postSolution
		SolutionGuid = {47F6CAA4-3F10-4D3E-A575-C94E6CA5622A}
	EndGlobalSection
EndGlobal
