
Microsoft Visual Studio Solution File, Format Version 12.00
# Visual Studio Version 17
VisualStudioVersion = 17.0.32112.339
MinimumVisualStudioVersion = 10.0.40219.1
Project("{FAE04EC0-301F-11D3-BF4B-00C04F79EFBC}") = "Program4", "Program4\Program4.csproj", "{EFE24AD8-5C83-4CCD-BD40-C739F7C896E1}"
EndProject
Global
	GlobalSection(SolutionConfigurationPlatforms) = preSolution
		Debug|Any CPU = Debug|Any CPU
		Release|Any CPU = Release|Any CPU
	EndGlobalSection
	GlobalSection(ProjectConfigurationPlatforms) = postSolution
		{EFE24AD8-5C83-4CCD-BD40-C739F7C896E1}.Debug|Any CPU.ActiveCfg = Debug|Any CPU
		{EFE24AD8-5C83-4CCD-BD40-C739F7C896E1}.Debug|Any CPU.Build.0 = Debug|Any CPU
		{EFE24AD8-5C83-4CCD-BD40-C739F7C896E1}.Release|Any CPU.ActiveCfg = Release|Any CPU
		{EFE24AD8-5C83-4CCD-BD40-C739F7C896E1}.Release|Any CPU.Build.0 = Release|Any CPU
	EndGlobalSection
	GlobalSection(SolutionProperties) = preSolution
		HideSolutionNode = FALSE
	EndGlobalSection
	GlobalSection(ExtensibilityGlobals) = postSolution
		SolutionGuid = {979B7FEA-737A-491D-8346-8889FED78B3C}
	EndGlobalSection
EndGlobal
